// !$*UTF8*$!
{
	archiveVersion = 1;
	classes = {
	};
	objectVersion = 50;
	objects = {

/* Begin PBXBuildFile section */
		A1BD91A020A74AC600458FDF /* Entanglement.framework in Frameworks */ = {isa = PBXBuildFile; fileRef = A1BD919620A74AC600458FDF /* Entanglement.framework */; };
		A1BD91A520A74AC600458FDF /* EntanglementTests.swift in Sources */ = {isa = PBXBuildFile; fileRef = A1BD91A420A74AC600458FDF /* EntanglementTests.swift */; };
		A1BD91A720A74AC600458FDF /* Entanglement.h in Headers */ = {isa = PBXBuildFile; fileRef = A1BD919920A74AC600458FDF /* Entanglement.h */; settings = {ATTRIBUTES = (Public, ); }; };
/* End PBXBuildFile section */

/* Begin PBXContainerItemProxy section */
		A1BD91A120A74AC600458FDF /* PBXContainerItemProxy */ = {
			isa = PBXContainerItemProxy;
			containerPortal = A1BD918D20A74AC600458FDF /* Project object */;
			proxyType = 1;
			remoteGlobalIDString = A1BD919520A74AC600458FDF;
			remoteInfo = Entanglement;
		};
/* End PBXContainerItemProxy section */

/* Begin PBXFileReference section */
		A1BD919620A74AC600458FDF /* Entanglement.framework */ = {isa = PBXFileReference; explicitFileType = wrapper.framework; includeInIndex = 0; path = Entanglement.framework; sourceTree = BUILT_PRODUCTS_DIR; };
		A1BD919920A74AC600458FDF /* Entanglement.h */ = {isa = PBXFileReference; lastKnownFileType = sourcecode.c.h; path = Entanglement.h; sourceTree = "<group>"; };
		A1BD919A20A74AC600458FDF /* Info.plist */ = {isa = PBXFileReference; lastKnownFileType = text.plist.xml; path = Info.plist; sourceTree = "<group>"; };
		A1BD919F20A74AC600458FDF /* EntanglementTests.xctest */ = {isa = PBXFileReference; explicitFileType = wrapper.cfbundle; includeInIndex = 0; path = EntanglementTests.xctest; sourceTree = BUILT_PRODUCTS_DIR; };
		A1BD91A420A74AC600458FDF /* EntanglementTests.swift */ = {isa = PBXFileReference; lastKnownFileType = sourcecode.swift; path = EntanglementTests.swift; sourceTree = "<group>"; };
		A1BD91A620A74AC600458FDF /* Info.plist */ = {isa = PBXFileReference; lastKnownFileType = text.plist.xml; path = Info.plist; sourceTree = "<group>"; };
/* End PBXFileReference section */

/* Begin PBXFrameworksBuildPhase section */
		A1BD919220A74AC600458FDF /* Frameworks */ = {
			isa = PBXFrameworksBuildPhase;
			buildActionMask = 2147483647;
			files = (
			);
			runOnlyForDeploymentPostprocessing = 0;
		};
		A1BD919C20A74AC600458FDF /* Frameworks */ = {
			isa = PBXFrameworksBuildPhase;
			buildActionMask = 2147483647;
			files = (
				A1BD91A020A74AC600458FDF /* Entanglement.framework in Frameworks */,
			);
			runOnlyForDeploymentPostprocessing = 0;
		};
/* End PBXFrameworksBuildPhase section */

/* Begin PBXGroup section */
		A1BD918C20A74AC600458FDF = {
			isa = PBXGroup;
			children = (
				A1BD919820A74AC600458FDF /* Entanglement */,
				A1BD91A320A74AC600458FDF /* EntanglementTests */,
				A1BD919720A74AC600458FDF /* Products */,
			);
			sourceTree = "<group>";
		};
		A1BD919720A74AC600458FDF /* Products */ = {
			isa = PBXGroup;
			children = (
				A1BD919620A74AC600458FDF /* Entanglement.framework */,
				A1BD919F20A74AC600458FDF /* EntanglementTests.xctest */,
			);
			name = Products;
			sourceTree = "<group>";
		};
		A1BD919820A74AC600458FDF /* Entanglement */ = {
			isa = PBXGroup;
			children = (
				A1BD919920A74AC600458FDF /* Entanglement.h */,
				A1BD919A20A74AC600458FDF /* Info.plist */,
			);
			path = Entanglement;
			sourceTree = "<group>";
		};
		A1BD91A320A74AC600458FDF /* EntanglementTests */ = {
			isa = PBXGroup;
			children = (
				A1BD91A420A74AC600458FDF /* EntanglementTests.swift */,
				A1BD91A620A74AC600458FDF /* Info.plist */,
			);
			path = EntanglementTests;
			sourceTree = "<group>";
		};
/* End PBXGroup section */

/* Begin PBXHeadersBuildPhase section */
		A1BD919320A74AC600458FDF /* Headers */ = {
			isa = PBXHeadersBuildPhase;
			buildActionMask = 2147483647;
			files = (
				A1BD91A720A74AC600458FDF /* Entanglement.h in Headers */,
			);
			runOnlyForDeploymentPostprocessing = 0;
		};
/* End PBXHeadersBuildPhase section */

/* Begin PBXNativeTarget section */
		A1BD919520A74AC600458FDF /* Entanglement */ = {
			isa = PBXNativeTarget;
			buildConfigurationList = A1BD91AA20A74AC600458FDF /* Build configuration list for PBXNativeTarget "Entanglement" */;
			buildPhases = (
				A1BD919120A74AC600458FDF /* Sources */,
				A1BD919220A74AC600458FDF /* Frameworks */,
				A1BD919320A74AC600458FDF /* Headers */,
				A1BD919420A74AC600458FDF /* Resources */,
			);
			buildRules = (
			);
			dependencies = (
			);
			name = Entanglement;
			productName = Entanglement;
			productReference = A1BD919620A74AC600458FDF /* Entanglement.framework */;
			productType = "com.apple.product-type.framework";
		};
		A1BD919E20A74AC600458FDF /* EntanglementTests */ = {
			isa = PBXNativeTarget;
			buildConfigurationList = A1BD91AD20A74AC600458FDF /* Build configuration list for PBXNativeTarget "EntanglementTests" */;
			buildPhases = (
				A1BD919B20A74AC600458FDF /* Sources */,
				A1BD919C20A74AC600458FDF /* Frameworks */,
				A1BD919D20A74AC600458FDF /* Resources */,
			);
			buildRules = (
			);
			dependencies = (
				A1BD91A220A74AC600458FDF /* PBXTargetDependency */,
			);
			name = EntanglementTests;
			productName = EntanglementTests;
			productReference = A1BD919F20A74AC600458FDF /* EntanglementTests.xctest */;
			productType = "com.apple.product-type.bundle.unit-test";
		};
/* End PBXNativeTarget section */

/* Begin PBXProject section */
		A1BD918D20A74AC600458FDF /* Project object */ = {
			isa = PBXProject;
			attributes = {
				LastSwiftUpdateCheck = 0930;
				LastUpgradeCheck = 0930;
				ORGANIZATIONNAME = akiroz;
				TargetAttributes = {
					A1BD919520A74AC600458FDF = {
						CreatedOnToolsVersion = 9.3;
					};
					A1BD919E20A74AC600458FDF = {
						CreatedOnToolsVersion = 9.3;
					};
				};
			};
			buildConfigurationList = A1BD919020A74AC600458FDF /* Build configuration list for PBXProject "Entanglement" */;
			compatibilityVersion = "Xcode 9.3";
			developmentRegion = en;
			hasScannedForEncodings = 0;
			knownRegions = (
				en,
			);
			mainGroup = A1BD918C20A74AC600458FDF;
			productRefGroup = A1BD919720A74AC600458FDF /* Products */;
			projectDirPath = "";
			projectRoot = "";
			targets = (
				A1BD919520A74AC600458FDF /* Entanglement */,
				A1BD919E20A74AC600458FDF /* EntanglementTests */,
			);
		};
/* End PBXProject section */

/* Begin PBXResourcesBuildPhase section */
		A1BD919420A74AC600458FDF /* Resources */ = {
			isa = PBXResourcesBuildPhase;
			buildActionMask = 2147483647;
			files = (
			);
			runOnlyForDeploymentPostprocessing = 0;
		};
		A1BD919D20A74AC600458FDF /* Resources */ = {
			isa = PBXResourcesBuildPhase;
			buildActionMask = 2147483647;
			files = (
			);
			runOnlyForDeploymentPostprocessing = 0;
		};
/* End PBXResourcesBuildPhase section */

/* Begin PBXSourcesBuildPhase section */
		A1BD919120A74AC600458FDF /* Sources */ = {
			isa = PBXSourcesBuildPhase;
			buildActionMask = 2147483647;
			files = (
			);
			runOnlyForDeploymentPostprocessing = 0;
		};
		A1BD919B20A74AC600458FDF /* Sources */ = {
			isa = PBXSourcesBuildPhase;
			buildActionMask = 2147483647;
			files = (
				A1BD91A520A74AC600458FDF /* EntanglementTests.swift in Sources */,
			);
			runOnlyForDeploymentPostprocessing = 0;
		};
/* End PBXSourcesBuildPhase section */

/* Begin PBXTargetDependency section */
		A1BD91A220A74AC600458FDF /* PBXTargetDependency */ = {
			isa = PBXTargetDependency;
			target = A1BD919520A74AC600458FDF /* Entanglement */;
			targetProxy = A1BD91A120A74AC600458FDF /* PBXContainerItemProxy */;
		};
/* End PBXTargetDependency section */

/* Begin XCBuildConfiguration section */
		A1BD91A820A74AC600458FDF /* Debug */ = {
			isa = XCBuildConfiguration;
			buildSettings = {
				ALWAYS_SEARCH_USER_PATHS = NO;
				CLANG_ANALYZER_NONNULL = YES;
				CLANG_ANALYZER_NUMBER_OBJECT_CONVERSION = YES_AGGRESSIVE;
				CLANG_CXX_LANGUAGE_STANDARD = "gnu++14";
				CLANG_CXX_LIBRARY = "libc++";
				CLANG_ENABLE_MODULES = YES;
				CLANG_ENABLE_OBJC_ARC = YES;
				CLANG_ENABLE_OBJC_WEAK = YES;
				CLANG_WARN_BLOCK_CAPTURE_AUTORELEASING = YES;
				CLANG_WARN_BOOL_CONVERSION = YES;
				CLANG_WARN_COMMA = YES;
				CLANG_WARN_CONSTANT_CONVERSION = YES;
				CLANG_WARN_DEPRECATED_OBJC_IMPLEMENTATIONS = YES;
				CLANG_WARN_DIRECT_OBJC_ISA_USAGE = YES_ERROR;
				CLANG_WARN_DOCUMENTATION_COMMENTS = YES;
				CLANG_WARN_EMPTY_BODY = YES;
				CLANG_WARN_ENUM_CONVERSION = YES;
				CLANG_WARN_INFINITE_RECURSION = YES;
				CLANG_WARN_INT_CONVERSION = YES;
				CLANG_WARN_NON_LITERAL_NULL_CONVERSION = YES;
				CLANG_WARN_OBJC_IMPLICIT_RETAIN_SELF = YES;
				CLANG_WARN_OBJC_LITERAL_CONVERSION = YES;
				CLANG_WARN_OBJC_ROOT_CLASS = YES_ERROR;
				CLANG_WARN_RANGE_LOOP_ANALYSIS = YES;
				CLANG_WARN_STRICT_PROTOTYPES = YES;
				CLANG_WARN_SUSPICIOUS_MOVE = YES;
				CLANG_WARN_UNGUARDED_AVAILABILITY = YES_AGGRESSIVE;
				CLANG_WARN_UNREACHABLE_CODE = YES;
				CLANG_WARN__DUPLICATE_METHOD_MATCH = YES;
				CODE_SIGN_IDENTITY = "iPhone Developer";
				COPY_PHASE_STRIP = NO;
				CURRENT_PROJECT_VERSION = 1;
				DEBUG_INFORMATION_FORMAT = dwarf;
				ENABLE_STRICT_OBJC_MSGSEND = YES;
				ENABLE_TESTABILITY = YES;
				GCC_C_LANGUAGE_STANDARD = gnu11;
				GCC_DYNAMIC_NO_PIC = NO;
				GCC_NO_COMMON_BLOCKS = YES;
				GCC_OPTIMIZATION_LEVEL = 0;
				GCC_PREPROCESSOR_DEFINITIONS = (
					"DEBUG=1",
					"$(inherited)",
				);
				GCC_WARN_64_TO_32_BIT_CONVERSION = YES;
				GCC_WARN_ABOUT_RETURN_TYPE = YES_ERROR;
				GCC_WARN_UNDECLARED_SELECTOR = YES;
				GCC_WARN_UNINITIALIZED_AUTOS = YES_AGGRESSIVE;
				GCC_WARN_UNUSED_FUNCTION = YES;
				GCC_WARN_UNUSED_VARIABLE = YES;
				IPHONEOS_DEPLOYMENT_TARGET = 11.3;
				MTL_ENABLE_DEBUG_INFO = YES;
				ONLY_ACTIVE_ARCH = YES;
				SDKROOT = iphoneos;
				SWIFT_ACTIVE_COMPILATION_CONDITIONS = DEBUG;
				SWIFT_OPTIMIZATION_LEVEL = "-Onone";
				VERSIONING_SYSTEM = "apple-generic";
				VERSION_INFO_PREFIX = "";
			};
			name = Debug;
		};
		A1BD91A920A74AC600458FDF /* Release */ = {
			isa = XCBuildConfiguration;
			buildSettings = {
				ALWAYS_SEARCH_USER_PATHS = NO;
				CLANG_ANALYZER_NONNULL = YES;
				CLANG_ANALYZER_NUMBER_OBJECT_CONVERSION = YES_AGGRESSIVE;
				CLANG_CXX_LANGUAGE_STANDARD = "gnu++14";
				CLANG_CXX_LIBRARY = "libc++";
				CLANG_ENABLE_MODULES = YES;
				CLANG_ENABLE_OBJC_ARC = YES;
				CLANG_ENABLE_OBJC_WEAK = YES;
				CLANG_WARN_BLOCK_CAPTURE_AUTORELEASING = YES;
				CLANG_WARN_BOOL_CONVERSION = YES;
				CLANG_WARN_COMMA = YES;
				CLANG_WARN_CONSTANT_CONVERSION = YES;
				CLANG_WARN_DEPRECATED_OBJC_IMPLEMENTATIONS = YES;
				CLANG_WARN_DIRECT_OBJC_ISA_USAGE = YES_ERROR;
				CLANG_WARN_DOCUMENTATION_COMMENTS = YES;
				CLANG_WARN_EMPTY_BODY = YES;
				CLANG_WARN_ENUM_CONVERSION = YES;
				CLANG_WARN_INFINITE_RECURSION = YES;
				CLANG_WARN_INT_CONVERSION = YES;
				CLANG_WARN_NON_LITERAL_NULL_CONVERSION = YES;
				CLANG_WARN_OBJC_IMPLICIT_RETAIN_SELF = YES;
				CLANG_WARN_OBJC_LITERAL_CONVERSION = YES;
				CLANG_WARN_OBJC_ROOT_CLASS = YES_ERROR;
				CLANG_WARN_RANGE_LOOP_ANALYSIS = YES;
				CLANG_WARN_STRICT_PROTOTYPES = YES;
				CLANG_WARN_SUSPICIOUS_MOVE = YES;
				CLANG_WARN_UNGUARDED_AVAILABILITY = YES_AGGRESSIVE;
				CLANG_WARN_UNREACHABLE_CODE = YES;
				CLANG_WARN__DUPLICATE_METHOD_MATCH = YES;
				CODE_SIGN_IDENTITY = "iPhone Developer";
				COPY_PHASE_STRIP = NO;
				CURRENT_PROJECT_VERSION = 1;
				DEBUG_INFORMATION_FORMAT = "dwarf-with-dsym";
				ENABLE_NS_ASSERTIONS = NO;
				ENABLE_STRICT_OBJC_MSGSEND = YES;
				GCC_C_LANGUAGE_STANDARD = gnu11;
				GCC_NO_COMMON_BLOCKS = YES;
				GCC_WARN_64_TO_32_BIT_CONVERSION = YES;
				GCC_WARN_ABOUT_RETURN_TYPE = YES_ERROR;
				GCC_WARN_UNDECLARED_SELECTOR = YES;
				GCC_WARN_UNINITIALIZED_AUTOS = YES_AGGRESSIVE;
				GCC_WARN_UNUSED_FUNCTION = YES;
				GCC_WARN_UNUSED_VARIABLE = YES;
				IPHONEOS_DEPLOYMENT_TARGET = 11.3;
				MTL_ENABLE_DEBUG_INFO = NO;
				SDKROOT = iphoneos;
				SWIFT_COMPILATION_MODE = wholemodule;
				SWIFT_OPTIMIZATION_LEVEL = "-O";
				VALIDATE_PRODUCT = YES;
				VERSIONING_SYSTEM = "apple-generic";
				VERSION_INFO_PREFIX = "";
			};
			name = Release;
		};
		A1BD91AB20A74AC600458FDF /* Debug */ = {
			isa = XCBuildConfiguration;
			buildSettings = {
				CODE_SIGN_IDENTITY = "";
				CODE_SIGN_STYLE = Automatic;
				DEFINES_MODULE = YES;
				DEVELOPMENT_TEAM = 24DV2L94B2;
				DYLIB_COMPATIBILITY_VERSION = 1;
				DYLIB_CURRENT_VERSION = 1;
				DYLIB_INSTALL_NAME_BASE = "@rpath";
				INFOPLIST_FILE = Entanglement/Info.plist;
				INSTALL_PATH = "$(LOCAL_LIBRARY_DIR)/Frameworks";
				LD_RUNPATH_SEARCH_PATHS = (
					"$(inherited)",
					"@executable_path/Frameworks",
					"@loader_path/Frameworks",
				);
				PRODUCT_BUNDLE_IDENTIFIER = akiroz.Entanglement;
				PRODUCT_NAME = "$(TARGET_NAME:c99extidentifier)";
				SKIP_INSTALL = YES;
				SWIFT_VERSION = 4.0;
				TARGETED_DEVICE_FAMILY = "1,2";
			};
			name = Debug;
		};
		A1BD91AC20A74AC600458FDF /* Release */ = {
			isa = XCBuildConfiguration;
			buildSettings = {
				CODE_SIGN_IDENTITY = "";
				CODE_SIGN_STYLE = Automatic;
				DEFINES_MODULE = YES;
				DEVELOPMENT_TEAM = 24DV2L94B2;
				DYLIB_COMPATIBILITY_VERSION = 1;
				DYLIB_CURRENT_VERSION = 1;
				DYLIB_INSTALL_NAME_BASE = "@rpath";
				INFOPLIST_FILE = Entanglement/Info.plist;
				INSTALL_PATH = "$(LOCAL_LIBRARY_DIR)/Frameworks";
				LD_RUNPATH_SEARCH_PATHS = (
					"$(inherited)",
					"@executable_path/Frameworks",
					"@loader_path/Frameworks",
				);
				PRODUCT_BUNDLE_IDENTIFIER = akiroz.Entanglement;
				PRODUCT_NAME = "$(TARGET_NAME:c99extidentifier)";
				SKIP_INSTALL = YES;
				SWIFT_VERSION = 4.0;
				TARGETED_DEVICE_FAMILY = "1,2";
			};
			name = Release;
		};
		A1BD91AE20A74AC600458FDF /* Debug */ = {
			isa = XCBuildConfiguration;
			buildSettings = {
				CODE_SIGN_STYLE = Automatic;
				DEVELOPMENT_TEAM = 24DV2L94B2;
				INFOPLIST_FILE = EntanglementTests/Info.plist;
				LD_RUNPATH_SEARCH_PATHS = (
					"$(inherited)",
					"@executable_path/Frameworks",
					"@loader_path/Frameworks",
				);
				PRODUCT_BUNDLE_IDENTIFIER = akiroz.EntanglementTests;
				PRODUCT_NAME = "$(TARGET_NAME)";
				SWIFT_VERSION = 4.0;
				TARGETED_DEVICE_FAMILY = "1,2";
			};
			name = Debug;
		};
		A1BD91AF20A74AC600458FDF /* Release */ = {
			isa = XCBuildConfiguration;
			buildSettings = {
				CODE_SIGN_STYLE = Automatic;
				DEVELOPMENT_TEAM = 24DV2L94B2;
				INFOPLIST_FILE = EntanglementTests/Info.plist;
				LD_RUNPATH_SEARCH_PATHS = (
					"$(inherited)",
					"@executable_path/Frameworks",
					"@loader_path/Frameworks",
				);
				PRODUCT_BUNDLE_IDENTIFIER = akiroz.EntanglementTests;
				PRODUCT_NAME = "$(TARGET_NAME)";
				SWIFT_VERSION = 4.0;
				TARGETED_DEVICE_FAMILY = "1,2";
			};
			name = Release;
		};
/* End XCBuildConfiguration section */

/* Begin XCConfigurationList section */
		A1BD919020A74AC600458FDF /* Build configuration list for PBXProject "Entanglement" */ = {
			isa = XCConfigurationList;
			buildConfigurations = (
				A1BD91A820A74AC600458FDF /* Debug */,
				A1BD91A920A74AC600458FDF /* Release */,
			);
			defaultConfigurationIsVisible = 0;
			defaultConfigurationName = Release;
		};
		A1BD91AA20A74AC600458FDF /* Build configuration list for PBXNativeTarget "Entanglement" */ = {
			isa = XCConfigurationList;
			buildConfigurations = (
				A1BD91AB20A74AC600458FDF /* Debug */,
				A1BD91AC20A74AC600458FDF /* Release */,
			);
			defaultConfigurationIsVisible = 0;
			defaultConfigurationName = Release;
		};
		A1BD91AD20A74AC600458FDF /* Build configuration list for PBXNativeTarget "EntanglementTests" */ = {
			isa = XCConfigurationList;
			buildConfigurations = (
				A1BD91AE20A74AC600458FDF /* Debug */,
				A1BD91AF20A74AC600458FDF /* Release */,
			);
			defaultConfigurationIsVisible = 0;
			defaultConfigurationName = Release;
		};
/* End XCConfigurationList section */
	};
	rootObject = A1BD918D20A74AC600458FDF /* Project object */;
}
